{
  "lockfile_version": "1",
  "packages": {
    "earthly@latest": {
      "last_modified": "2024-09-10T15:01:03Z",
      "resolved": "github:NixOS/nixpkgs/5ed627539ac84809c78b2dd6d26a5cebeb5ae269#earthly",
      "source": "devbox-search",
      "version": "0.8.15",
      "systems": {
        "aarch64-darwin": {
          "outputs": [
            {
              "name": "out",
              "path": "/nix/store/b0ia23npjfwrlmg50jnam86v4zy9n1yn-earthly-0.8.15",
              "default": true
            }
          ],
          "store_path": "/nix/store/b0ia23npjfwrlmg50jnam86v4zy9n1yn-earthly-0.8.15"
        },
        "aarch64-linux": {
          "outputs": [
            {
              "name": "out",
              "path": "/nix/store/xvxwr3ry31pdx1xp2v39k6kw6p7n1kjj-earthly-0.8.15",
              "default": true
            }
          ],
          "store_path": "/nix/store/xvxwr3ry31pdx1xp2v39k6kw6p7n1kjj-earthly-0.8.15"
        },
        "x86_64-darwin": {
          "outputs": [
            {
              "name": "out",
              "path": "/nix/store/8cj8j49k3s0z7yqlddnzhfbpj29gqsx4-earthly-0.8.15",
              "default": true
            }
          ],
          "store_path": "/nix/store/8cj8j49k3s0z7yqlddnzhfbpj29gqsx4-earthly-0.8.15"
        },
        "x86_64-linux": {
          "outputs": [
            {
              "name": "out",
              "path": "/nix/store/vbi67mjs2rn5dd4s80r21zna1xr2lkxw-earthly-0.8.15",
              "default": true
            }
          ],
          "store_path": "/nix/store/vbi67mjs2rn5dd4s80r21zna1xr2lkxw-earthly-0.8.15"
        }
      }
    },
    "git@latest": {
      "last_modified": "2024-09-20T05:11:28Z",
      "resolved": "github:NixOS/nixpkgs/79454ee9aacc9714653a4e7eb2a52b717728caff#git",
      "source": "devbox-search",
      "version": "2.46.0",
      "systems": {
        "aarch64-darwin": {
          "outputs": [
            {
              "name": "out",
              "path": "/nix/store/msgwpjsr2607nmlm4f0klc60m7vyp2ls-git-2.46.0",
              "default": true
            },
            {
              "name": "doc",
              "path": "/nix/store/ycx57sa7dfrs9z1gq0sk1ai29ib9hvhl-git-2.46.0-doc"
            }
          ],
          "store_path": "/nix/store/msgwpjsr2607nmlm4f0klc60m7vyp2ls-git-2.46.0"
        },
        "aarch64-linux": {
          "outputs": [
            {
              "name": "out",
              "path": "/nix/store/lgr3n0573wi478bj456zggh541wjrbiw-git-2.46.0",
              "default": true
            },
            {
              "name": "debug",
              "path": "/nix/store/v6r2pdpiwn62yhjp489gjkqhz6yn8zl5-git-2.46.0-debug"
            },
            {
              "name": "doc",
              "path": "/nix/store/5aiq8j373y5k9dh1p98zlic3n5f5ycnq-git-2.46.0-doc"
            }
          ],
          "store_path": "/nix/store/lgr3n0573wi478bj456zggh541wjrbiw-git-2.46.0"
        },
        "x86_64-darwin": {
          "outputs": [
            {
              "name": "out",
              "path": "/nix/store/lfb5ngmzsmnbqw41wm11i7hjnrkii7ic-git-2.46.0",
              "default": true
            },
            {
              "name": "doc",
              "path": "/nix/store/kcgzncw4plawrs6fw524dprbscqdl78n-git-2.46.0-doc"
            }
          ],
          "store_path": "/nix/store/lfb5ngmzsmnbqw41wm11i7hjnrkii7ic-git-2.46.0"
        },
        "x86_64-linux": {
          "outputs": [
            {
              "name": "out",
              "path": "/nix/store/0l63mqr7qx1asjxfz86j4zbs4758gn98-git-2.46.0",
              "default": true
            },
            {
              "name": "debug",
              "path": "/nix/store/x1g0dhpqg1fi4dz20lp2i2h759bdkark-git-2.46.0-debug"
            },
            {
              "name": "doc",
              "path": "/nix/store/5r0irlcap11p8wqbdiy9fz1y3pk1mn4n-git-2.46.0-doc"
            }
          ],
          "store_path": "/nix/store/0l63mqr7qx1asjxfz86j4zbs4758gn98-git-2.46.0"
        }
      }
    },
    "jdk@17": {
      "last_modified": "2024-09-10T15:01:03Z",
      "resolved": "github:NixOS/nixpkgs/5ed627539ac84809c78b2dd6d26a5cebeb5ae269#jdk17",
      "source": "devbox-search",
      "version": "17.0.11+9",
      "systems": {
        "aarch64-linux": {
          "outputs": [
            {
              "name": "out",
              "path": "/nix/store/2mh5nfk7xmy4chf4axcsn8ynchphbwh9-openjdk-17.0.11+9",
              "default": true
            },
            {
              "name": "debug",
              "path": "/nix/store/5iw5wsgbgf3gj1sjlz9r2lspbffnff4h-openjdk-17.0.11+9-debug"
            }
          ],
          "store_path": "/nix/store/2mh5nfk7xmy4chf4axcsn8ynchphbwh9-openjdk-17.0.11+9"
        },
        "x86_64-linux": {
          "outputs": [
            {
              "name": "out",
              "path": "/nix/store/xy53lk4001h814d7dwh8f52wcqxrn7rp-openjdk-17.0.11+9",
              "default": true
            },
            {
              "name": "debug",
              "path": "/nix/store/5kfz4fxnzq57diwa72fxs90fs9gc7n2f-openjdk-17.0.11+9-debug"
            }
          ],
          "store_path": "/nix/store/xy53lk4001h814d7dwh8f52wcqxrn7rp-openjdk-17.0.11+9"
        }
      }
    },
    "just@latest": {
      "last_modified": "2024-09-10T15:01:03Z",
      "resolved": "github:NixOS/nixpkgs/5ed627539ac84809c78b2dd6d26a5cebeb5ae269#just",
      "source": "devbox-search",
      "version": "1.35.0",
      "systems": {
        "aarch64-darwin": {
          "outputs": [
            {
              "name": "out",
              "path": "/nix/store/874l9amqmswyy67spzdcipvg0c4zpgs4-just-1.35.0",
              "default": true
            },
            {
              "name": "man",
              "path": "/nix/store/kfb71pvp8v2s5j2xbnacmfp63i14jq42-just-1.35.0-man",
              "default": true
            },
            {
              "name": "doc",
              "path": "/nix/store/kxf0w9wbq1hzqbdgaz9xp6dfvm1w87bs-just-1.35.0-doc"
            }
          ],
          "store_path": "/nix/store/874l9amqmswyy67spzdcipvg0c4zpgs4-just-1.35.0"
        },
        "aarch64-linux": {
          "outputs": [
            {
              "name": "out",
              "path": "/nix/store/ymxdf0mkxkbcy0kg5215wclhc8p3ai7r-just-1.35.0",
              "default": true
            },
            {
              "name": "man",
              "path": "/nix/store/4iaav8fi103xb0gbwqz8abfqbn47ymjm-just-1.35.0-man",
              "default": true
            },
            {
              "name": "doc",
              "path": "/nix/store/944ppn1m7i9vg1hgrr46r0mgibpw31pq-just-1.35.0-doc"
            }
          ],
          "store_path": "/nix/store/ymxdf0mkxkbcy0kg5215wclhc8p3ai7r-just-1.35.0"
        },
        "x86_64-darwin": {
          "outputs": [
            {
              "name": "out",
              "path": "/nix/store/4zbi8rbaqksnggyzjr5s9cfzc3ag0dk2-just-1.35.0",
              "default": true
            },
            {
              "name": "man",
              "path": "/nix/store/i8kbbpr6w3q4242nvf024i0nnf2rr8j9-just-1.35.0-man",
              "default": true
            },
            {
              "name": "doc",
              "path": "/nix/store/fmp8604s89h69664q5w64s20m0qkh4h3-just-1.35.0-doc"
            }
          ],
          "store_path": "/nix/store/4zbi8rbaqksnggyzjr5s9cfzc3ag0dk2-just-1.35.0"
        },
        "x86_64-linux": {
          "outputs": [
            {
              "name": "out",
              "path": "/nix/store/1bkp6pcvnhmn3xp3jz2f6zhdjzjhksz6-just-1.35.0",
              "default": true
            },
            {
              "name": "man",
              "path": "/nix/store/bv3s48ql599mdnl4r896xl686byncng8-just-1.35.0-man",
              "default": true
            },
            {
              "name": "doc",
              "path": "/nix/store/f09814w7yvwx2wx8b5gq6vps016m4npw-just-1.35.0-doc"
            }
          ],
          "store_path": "/nix/store/1bkp6pcvnhmn3xp3jz2f6zhdjzjhksz6-just-1.35.0"
        }
      }
    },
    "ktlint@latest": {
      "last_modified": "2024-10-13T23:44:06Z",
      "resolved": "github:NixOS/nixpkgs/d4f247e89f6e10120f911e2e2d2254a050d0f732#ktlint",
      "source": "devbox-search",
      "version": "1.3.1",
      "systems": {
        "aarch64-darwin": {
          "outputs": [
            {
              "name": "out",
              "path": "/nix/store/7jcardhjf447w05jck91ixr5cb6d98jc-ktlint-1.3.1",
              "default": true
            }
          ],
          "store_path": "/nix/store/7jcardhjf447w05jck91ixr5cb6d98jc-ktlint-1.3.1"
        },
        "aarch64-linux": {
          "outputs": [
            {
              "name": "out",
              "path": "/nix/store/0l06ppl299l6cd5sa2z3pdkmbcmj1h0a-ktlint-1.3.1",
              "default": true
            }
          ],
          "store_path": "/nix/store/0l06ppl299l6cd5sa2z3pdkmbcmj1h0a-ktlint-1.3.1"
        },
        "x86_64-darwin": {
          "outputs": [
            {
              "name": "out",
              "path": "/nix/store/f1072728bhsc7nq54zw4dj9cj1i89nhn-ktlint-1.3.1",
              "default": true
            }
          ],
          "store_path": "/nix/store/f1072728bhsc7nq54zw4dj9cj1i89nhn-ktlint-1.3.1"
        },
        "x86_64-linux": {
          "outputs": [
            {
              "name": "out",
              "path": "/nix/store/0xkjbp5x0994vc3x13ddmgqb25cw7crh-ktlint-1.3.1",
              "default": true
            }
          ],
          "store_path": "/nix/store/0xkjbp5x0994vc3x13ddmgqb25cw7crh-ktlint-1.3.1"
        }
      }
    }
  }
}
