{
  "lockfile_version": "1",
  "packages": {
    "earthly@latest": {
      "last_modified": "2024-08-31T10:12:23Z",
      "resolved": "github:NixOS/nixpkgs/5629520edecb69630a3f4d17d3d33fc96c13f6fe#earthly",
      "source": "devbox-search",
      "version": "0.8.15",
      "systems": {
        "aarch64-darwin": {
          "outputs": [
            {
              "name": "out",
              "path": "/nix/store/3gsls03nq2jyc03lrrrkhix9l1l4n5r1-earthly-0.8.15",
              "default": true
            }
          ],
          "store_path": "/nix/store/3gsls03nq2jyc03lrrrkhix9l1l4n5r1-earthly-0.8.15"
        },
        "aarch64-linux": {
          "outputs": [
            {
              "name": "out",
              "path": "/nix/store/99hh3adfsn4jglzn29mz3in8br71clzw-earthly-0.8.15",
              "default": true
            }
          ],
          "store_path": "/nix/store/99hh3adfsn4jglzn29mz3in8br71clzw-earthly-0.8.15"
        },
        "x86_64-darwin": {
          "outputs": [
            {
              "name": "out",
              "path": "/nix/store/pgd65z3b6hzk3pq0fvz9rix15c16ah27-earthly-0.8.15",
              "default": true
            }
          ],
          "store_path": "/nix/store/pgd65z3b6hzk3pq0fvz9rix15c16ah27-earthly-0.8.15"
        },
        "x86_64-linux": {
          "outputs": [
            {
              "name": "out",
              "path": "/nix/store/g2nfz91s3w52yhbpv320a0q62mrziymb-earthly-0.8.15",
              "default": true
            }
          ],
          "store_path": "/nix/store/g2nfz91s3w52yhbpv320a0q62mrziymb-earthly-0.8.15"
        }
      }
    },
    "git@latest": {
      "last_modified": "2024-08-31T10:12:23Z",
      "resolved": "github:NixOS/nixpkgs/5629520edecb69630a3f4d17d3d33fc96c13f6fe#git",
      "source": "devbox-search",
      "version": "2.46.0",
      "systems": {
        "aarch64-darwin": {
          "outputs": [
            {
              "name": "out",
              "path": "/nix/store/w443mfir51ws94kyl7zq5kipqj74j6m3-git-2.46.0",
              "default": true
            },
            {
              "name": "doc",
              "path": "/nix/store/sx81ywpa4jimbqp9l3w0n7c0pw8ligzn-git-2.46.0-doc"
            }
          ],
          "store_path": "/nix/store/w443mfir51ws94kyl7zq5kipqj74j6m3-git-2.46.0"
        },
        "aarch64-linux": {
          "outputs": [
            {
              "name": "out",
              "path": "/nix/store/rmyh1ddc6xhp6cqv27wgvns9w8mbbw3b-git-2.46.0",
              "default": true
            },
            {
              "name": "debug",
              "path": "/nix/store/5r1xcws1dlwrcfdcbcsb1j8dlnvjgggm-git-2.46.0-debug"
            },
            {
              "name": "doc",
              "path": "/nix/store/2a6hjqzcvj7vfj7iklxqmzwc75yx3x1r-git-2.46.0-doc"
            }
          ],
          "store_path": "/nix/store/rmyh1ddc6xhp6cqv27wgvns9w8mbbw3b-git-2.46.0"
        },
        "x86_64-darwin": {
          "outputs": [
            {
              "name": "out",
              "path": "/nix/store/iw41zaz9yj1xpkh2x4m8cj4mzk4p7rwx-git-2.46.0",
              "default": true
            },
            {
              "name": "doc",
              "path": "/nix/store/5j1c198dm7qf1yslka190ar1klylh2cz-git-2.46.0-doc"
            }
          ],
          "store_path": "/nix/store/iw41zaz9yj1xpkh2x4m8cj4mzk4p7rwx-git-2.46.0"
        },
        "x86_64-linux": {
          "outputs": [
            {
              "name": "out",
              "path": "/nix/store/hxxkx0y690n2iadckr6imndg8223fcq1-git-2.46.0",
              "default": true
            },
            {
              "name": "debug",
              "path": "/nix/store/4y5k4pa84a168pyvccjykb4050q2g8dj-git-2.46.0-debug"
            },
            {
              "name": "doc",
              "path": "/nix/store/icq598vg50bamj3qk44vv218qdbgjmkr-git-2.46.0-doc"
            }
          ],
          "store_path": "/nix/store/hxxkx0y690n2iadckr6imndg8223fcq1-git-2.46.0"
        }
      }
    },
    "jdk@11": {
      "last_modified": "2024-09-10T15:01:03Z",
      "resolved": "github:NixOS/nixpkgs/5ed627539ac84809c78b2dd6d26a5cebeb5ae269#jdk11",
      "source": "devbox-search",
      "version": "11.0.22",
      "systems": {
        "aarch64-darwin": {
          "outputs": [
            {
              "name": "out",
              "path": "/nix/store/8hmdv27fa4jf0437fmqsjim76n0lj747-zulu-ca-jdk-11.0.22",
              "default": true
            }
          ],
          "store_path": "/nix/store/8hmdv27fa4jf0437fmqsjim76n0lj747-zulu-ca-jdk-11.0.22"
        },
        "x86_64-darwin": {
          "outputs": [
            {
              "name": "out",
              "path": "/nix/store/kiq5xyv03c0y77fgyn8zmzmxxak4yl9z-zulu-ca-jdk-11.0.22",
              "default": true
            }
          ],
          "store_path": "/nix/store/kiq5xyv03c0y77fgyn8zmzmxxak4yl9z-zulu-ca-jdk-11.0.22"
        }
      }
    },
    "just@latest": {
      "last_modified": "2024-08-31T10:12:23Z",
      "resolved": "github:NixOS/nixpkgs/5629520edecb69630a3f4d17d3d33fc96c13f6fe#just",
      "source": "devbox-search",
      "version": "1.35.0",
      "systems": {
        "aarch64-darwin": {
          "outputs": [
            {
              "name": "out",
              "path": "/nix/store/0mndl7xmwpr3ckjvqds740d8vkwa87cg-just-1.35.0",
              "default": true
            },
            {
              "name": "man",
              "path": "/nix/store/1plmw3z847dpxr3nhkz7g1drb0p3ci51-just-1.35.0-man",
              "default": true
            },
            {
              "name": "doc",
              "path": "/nix/store/ri7pmnk7wka19zfdbi0xsak4gy3h2p74-just-1.35.0-doc"
            }
          ],
          "store_path": "/nix/store/0mndl7xmwpr3ckjvqds740d8vkwa87cg-just-1.35.0"
        },
        "aarch64-linux": {
          "outputs": [
            {
              "name": "out",
              "path": "/nix/store/i38k7hnqzxmkphc5q8cybdsr45r9q52b-just-1.35.0",
              "default": true
            },
            {
              "name": "man",
              "path": "/nix/store/20rv2y9ndbi6car45hw3sc2xhk38id7c-just-1.35.0-man",
              "default": true
            },
            {
              "name": "doc",
              "path": "/nix/store/vlzjirm1h11lwasni08r9lv0nbr516pk-just-1.35.0-doc"
            }
          ],
          "store_path": "/nix/store/i38k7hnqzxmkphc5q8cybdsr45r9q52b-just-1.35.0"
        },
        "x86_64-darwin": {
          "outputs": [
            {
              "name": "out",
              "path": "/nix/store/papn9q57wnvpffarbdvjbps11xkkxl29-just-1.35.0",
              "default": true
            },
            {
              "name": "man",
              "path": "/nix/store/k7j0nlg3fmgwds5xmp97kb1x70hwgjj3-just-1.35.0-man",
              "default": true
            },
            {
              "name": "doc",
              "path": "/nix/store/ha6lyjax8lskgs1mdd562phz6dj9xf7s-just-1.35.0-doc"
            }
          ],
          "store_path": "/nix/store/papn9q57wnvpffarbdvjbps11xkkxl29-just-1.35.0"
        },
        "x86_64-linux": {
          "outputs": [
            {
              "name": "out",
              "path": "/nix/store/8fx83dzcxcwcjk5wss04qw3vpal07mij-just-1.35.0",
              "default": true
            },
            {
              "name": "man",
              "path": "/nix/store/6j7m9s47918bq1l7yw47vchqsfvadbd5-just-1.35.0-man",
              "default": true
            },
            {
              "name": "doc",
              "path": "/nix/store/gyqbh29n2nxrczvm2kvzgb9yv4mff6fj-just-1.35.0-doc"
            }
          ],
          "store_path": "/nix/store/8fx83dzcxcwcjk5wss04qw3vpal07mij-just-1.35.0"
        }
      }
    }
  }
}
